
Microsoft Visual Studio Solution File, Format Version 12.00
# Visual Studio Version 17
VisualStudioVersion = 17.8.34322.80
MinimumVisualStudioVersion = 10.0.40219.1
Project("{FAE04EC0-301F-11D3-BF4B-00C04F79EFBC}") = "LanchesMac", "LanchesMac\LanchesMac.csproj", "{F070E1F6-03B8-455D-8C8D-E6AA150441DE}"
EndProject
Global
	GlobalSection(SolutionConfigurationPlatforms) = preSolution
		Debug|Any CPU = Debug|Any CPU
		Release|Any CPU = Release|Any CPU
	EndGlobalSection
	GlobalSection(ProjectConfigurationPlatforms) = postSolution
		{F070E1F6-03B8-455D-8C8D-E6AA150441DE}.Debug|Any CPU.ActiveCfg = Debug|Any CPU
		{F070E1F6-03B8-455D-8C8D-E6AA150441DE}.Debug|Any CPU.Build.0 = Debug|Any CPU
		{F070E1F6-03B8-455D-8C8D-E6AA150441DE}.Release|Any CPU.ActiveCfg = Release|Any CPU
		{F070E1F6-03B8-455D-8C8D-E6AA150441DE}.Release|Any CPU.Build.0 = Release|Any CPU
	EndGlobalSection
	GlobalSection(SolutionProperties) = preSolution
		HideSolutionNode = FALSE
	EndGlobalSection
	GlobalSection(ExtensibilityGlobals) = postSolution
		SolutionGuid = {47691DDD-EBD9-44B2-953E-C670A0E99658}
	EndGlobalSection
EndGlobal
